
Microsoft Visual Studio Solution File, Format Version 12.00
Project("{FAE04EC0-301F-11D3-BF4B-00C04F79EFBC}") = "Domain", "Domain\Domain.csproj", "{D863AD39-82C5-49B8-A484-B208DBF94D3A}"
EndProject
Project("{FAE04EC0-301F-11D3-BF4B-00C04F79EFBC}") = "Application", "Application\Application.csproj", "{86323454-0455-4183-9EDD-6EB5C762C25E}"
EndProject
Project("{FAE04EC0-301F-11D3-BF4B-00C04F79EFBC}") = "WebAPI", "WebAPI\WebAPI.csproj", "{FE906D9D-8F55-4B72-9F4C-A3A0705B321F}"
EndProject
Project("{FAE04EC0-301F-11D3-BF4B-00C04F79EFBC}") = "DatabaseComm", "DatabaseComm\DatabaseComm.csproj", "{7E869EAF-9E0A-41C9-B9D3-8D79B0524251}"
EndProject
Project("{FAE04EC0-301F-11D3-BF4B-00C04F79EFBC}") = "Tests", "Tests\Tests.csproj", "{734CBD84-720F-4112-80CC-E67EE9B70E17}"
EndProject
Global
	GlobalSection(SolutionConfigurationPlatforms) = preSolution
		Debug|Any CPU = Debug|Any CPU
		Release|Any CPU = Release|Any CPU
	EndGlobalSection
	GlobalSection(ProjectConfigurationPlatforms) = postSolution
		{D863AD39-82C5-49B8-A484-B208DBF94D3A}.Debug|Any CPU.ActiveCfg = Debug|Any CPU
		{D863AD39-82C5-49B8-A484-B208DBF94D3A}.Debug|Any CPU.Build.0 = Debug|Any CPU
		{D863AD39-82C5-49B8-A484-B208DBF94D3A}.Release|Any CPU.ActiveCfg = Release|Any CPU
		{D863AD39-82C5-49B8-A484-B208DBF94D3A}.Release|Any CPU.Build.0 = Release|Any CPU
		{86323454-0455-4183-9EDD-6EB5C762C25E}.Debug|Any CPU.ActiveCfg = Debug|Any CPU
		{86323454-0455-4183-9EDD-6EB5C762C25E}.Debug|Any CPU.Build.0 = Debug|Any CPU
		{86323454-0455-4183-9EDD-6EB5C762C25E}.Release|Any CPU.ActiveCfg = Release|Any CPU
		{86323454-0455-4183-9EDD-6EB5C762C25E}.Release|Any CPU.Build.0 = Release|Any CPU
		{FE906D9D-8F55-4B72-9F4C-A3A0705B321F}.Debug|Any CPU.ActiveCfg = Debug|Any CPU
		{FE906D9D-8F55-4B72-9F4C-A3A0705B321F}.Debug|Any CPU.Build.0 = Debug|Any CPU
		{FE906D9D-8F55-4B72-9F4C-A3A0705B321F}.Release|Any CPU.ActiveCfg = Release|Any CPU
		{FE906D9D-8F55-4B72-9F4C-A3A0705B321F}.Release|Any CPU.Build.0 = Release|Any CPU
		{7E869EAF-9E0A-41C9-B9D3-8D79B0524251}.Debug|Any CPU.ActiveCfg = Debug|Any CPU
		{7E869EAF-9E0A-41C9-B9D3-8D79B0524251}.Debug|Any CPU.Build.0 = Debug|Any CPU
		{7E869EAF-9E0A-41C9-B9D3-8D79B0524251}.Release|Any CPU.ActiveCfg = Release|Any CPU
		{7E869EAF-9E0A-41C9-B9D3-8D79B0524251}.Release|Any CPU.Build.0 = Release|Any CPU
		{734CBD84-720F-4112-80CC-E67EE9B70E17}.Debug|Any CPU.ActiveCfg = Debug|Any CPU
		{734CBD84-720F-4112-80CC-E67EE9B70E17}.Debug|Any CPU.Build.0 = Debug|Any CPU
		{734CBD84-720F-4112-80CC-E67EE9B70E17}.Release|Any CPU.ActiveCfg = Release|Any CPU
		{734CBD84-720F-4112-80CC-E67EE9B70E17}.Release|Any CPU.Build.0 = Release|Any CPU
	EndGlobalSection
EndGlobal
