
Microsoft Visual Studio Solution File, Format Version 12.00
Project("{FAE04EC0-301F-11D3-BF4B-00C04F79EFBC}") = "Website", "Website\Website.csproj", "{C077DD3C-495E-4BE8-8F66-0D83EEB39918}"
EndProject
Global
	GlobalSection(SolutionConfigurationPlatforms) = preSolution
		Debug|Any CPU = Debug|Any CPU
		Release|Any CPU = Release|Any CPU
	EndGlobalSection
	GlobalSection(ProjectConfigurationPlatforms) = postSolution
		{C077DD3C-495E-4BE8-8F66-0D83EEB39918}.Debug|Any CPU.ActiveCfg = Debug|Any CPU
		{C077DD3C-495E-4BE8-8F66-0D83EEB39918}.Debug|Any CPU.Build.0 = Debug|Any CPU
		{C077DD3C-495E-4BE8-8F66-0D83EEB39918}.Release|Any CPU.ActiveCfg = Release|Any CPU
		{C077DD3C-495E-4BE8-8F66-0D83EEB39918}.Release|Any CPU.Build.0 = Release|Any CPU
	EndGlobalSection
EndGlobal
